
Microsoft Visual Studio Solution File, Format Version 12.00
# Visual Studio Version 17
VisualStudioVersion = 17.7.34221.43
MinimumVisualStudioVersion = 10.0.40219.1
Project("{FAE04EC0-301F-11D3-BF4B-00C04F79EFBC}") = "Lab1_CS", "Lab1_CS.csproj", "{7B96B789-2E63-434E-B7DF-12277AFA761A}"
EndProject
Global
	GlobalSection(SolutionConfigurationPlatforms) = preSolution
		Debug|Any CPU = Debug|Any CPU
		Release|Any CPU = Release|Any CPU
	EndGlobalSection
	GlobalSection(ProjectConfigurationPlatforms) = postSolution
		{7B96B789-2E63-434E-B7DF-12277AFA761A}.Debug|Any CPU.ActiveCfg = Debug|Any CPU
		{7B96B789-2E63-434E-B7DF-12277AFA761A}.Debug|Any CPU.Build.0 = Debug|Any CPU
		{7B96B789-2E63-434E-B7DF-12277AFA761A}.Release|Any CPU.ActiveCfg = Release|Any CPU
		{7B96B789-2E63-434E-B7DF-12277AFA761A}.Release|Any CPU.Build.0 = Release|Any CPU
	EndGlobalSection
	GlobalSection(SolutionProperties) = preSolution
		HideSolutionNode = FALSE
	EndGlobalSection
	GlobalSection(ExtensibilityGlobals) = postSolution
		SolutionGuid = {8818C490-64F6-4AFF-8251-EC0B4ED3025E}
	EndGlobalSection
EndGlobal
